
Microsoft Visual Studio Solution File, Format Version 11.00
# Visual Studio 2010
Project("{8BC9CEB8-8B4A-11D0-8D11-00A0C91BC942}") = "planetgen", "planetgen.vcxproj", "{67C4609F-5B6D-4726-8691-EF4498E5559F}"
EndProject
Global
	GlobalSection(SolutionConfigurationPlatforms) = preSolution
		Debug|Win32 = Debug|Win32
		Release|Win32 = Release|Win32
	EndGlobalSection
	GlobalSection(ProjectConfigurationPlatforms) = postSolution
		{67C4609F-5B6D-4726-8691-EF4498E5559F}.Debug|Win32.ActiveCfg = Debug|Win32
		{67C4609F-5B6D-4726-8691-EF4498E5559F}.Debug|Win32.Build.0 = Debug|Win32
		{67C4609F-5B6D-4726-8691-EF4498E5559F}.Release|Win32.ActiveCfg = Debug|Win32
		{67C4609F-5B6D-4726-8691-EF4498E5559F}.Release|Win32.Build.0 = Debug|Win32
	EndGlobalSection
	GlobalSection(SolutionProperties) = preSolution
		HideSolutionNode = FALSE
	EndGlobalSection
EndGlobal
